// !$*UTF8*$!
{
	archiveVersion = 1;
	classes = {
	};
	objectVersion = 51;
	objects = {

/* Begin PBXBuildFile section */
		3B8F4D1C260C929700B7DA1F /* AppDelegate.swift in Sources */ = {isa = PBXBuildFile; fileRef = 3B8F4D1B260C929700B7DA1F /* AppDelegate.swift */; };
		3B8F4D1E260C929700B7DA1F /* SceneDelegate.swift in Sources */ = {isa = PBXBuildFile; fileRef = 3B8F4D1D260C929700B7DA1F /* SceneDelegate.swift */; };
		3B8F4D25260C929A00B7DA1F /* Assets.xcassets in Resources */ = {isa = PBXBuildFile; fileRef = 3B8F4D24260C929A00B7DA1F /* Assets.xcassets */; };
		3B8F4D28260C929A00B7DA1F /* LaunchScreen.storyboard in Resources */ = {isa = PBXBuildFile; fileRef = 3B8F4D26260C929A00B7DA1F /* LaunchScreen.storyboard */; };
		3BC7256B2611660C00559D6C /* LoginViewController.swift in Sources */ = {isa = PBXBuildFile; fileRef = 3BC725692611660C00559D6C /* LoginViewController.swift */; };
		3BC7256C2611660C00559D6C /* LoginViewController.xib in Resources */ = {isa = PBXBuildFile; fileRef = 3BC7256A2611660C00559D6C /* LoginViewController.xib */; };
		3BC7256F2611BB2900559D6C /* GoogleService-Info.plist in Resources */ = {isa = PBXBuildFile; fileRef = 3BC7256E2611BB2900559D6C /* GoogleService-Info.plist */; };
		3BC7257226132BB900559D6C /* SignUpViewController.swift in Sources */ = {isa = PBXBuildFile; fileRef = 3BC7257026132BB900559D6C /* SignUpViewController.swift */; };
		3BC7257326132BB900559D6C /* SignUpViewController.xib in Resources */ = {isa = PBXBuildFile; fileRef = 3BC7257126132BB900559D6C /* SignUpViewController.xib */; };
		3BC725762616B65D00559D6C /* UserModel.swift in Sources */ = {isa = PBXBuildFile; fileRef = 3BC725752616B65D00559D6C /* UserModel.swift */; };
		3BC725782616B67900559D6C /* SignUpModel.swift in Sources */ = {isa = PBXBuildFile; fileRef = 3BC725772616B67900559D6C /* SignUpModel.swift */; };
		3BC7257B26199BAD00559D6C /* MainViewController.swift in Sources */ = {isa = PBXBuildFile; fileRef = 3BC7257926199BAD00559D6C /* MainViewController.swift */; };
		3BC7257C26199BAD00559D6C /* MainViewController.xib in Resources */ = {isa = PBXBuildFile; fileRef = 3BC7257A26199BAD00559D6C /* MainViewController.xib */; };
		3BFD9B99261F017C00F587B4 /* RankingViewController.swift in Sources */ = {isa = PBXBuildFile; fileRef = 3BFD9B97261F017C00F587B4 /* RankingViewController.swift */; };
		3BFD9B9A261F017C00F587B4 /* RankingViewController.xib in Resources */ = {isa = PBXBuildFile; fileRef = 3BFD9B98261F017C00F587B4 /* RankingViewController.xib */; };
		3BFD9B9D261F019800F587B4 /* FeedViewController.swift in Sources */ = {isa = PBXBuildFile; fileRef = 3BFD9B9B261F019800F587B4 /* FeedViewController.swift */; };
		3BFD9B9E261F019800F587B4 /* FeedViewController.xib in Resources */ = {isa = PBXBuildFile; fileRef = 3BFD9B9C261F019800F587B4 /* FeedViewController.xib */; };
		3BFD9BA1261F01C100F587B4 /* FriendsViewController.swift in Sources */ = {isa = PBXBuildFile; fileRef = 3BFD9B9F261F01C100F587B4 /* FriendsViewController.swift */; };
		3BFD9BA2261F01C100F587B4 /* FriendsViewController.xib in Resources */ = {isa = PBXBuildFile; fileRef = 3BFD9BA0261F01C100F587B4 /* FriendsViewController.xib */; };
		3BFD9BA5261F01E200F587B4 /* MyPageViewContoller.swift in Sources */ = {isa = PBXBuildFile; fileRef = 3BFD9BA3261F01E200F587B4 /* MyPageViewContoller.swift */; };
		3BFD9BA6261F01E200F587B4 /* MyPageViewContoller.xib in Resources */ = {isa = PBXBuildFile; fileRef = 3BFD9BA4261F01E200F587B4 /* MyPageViewContoller.xib */; };
		3BFD9BA9262171B000F587B4 /* CALayer+Border.swift in Sources */ = {isa = PBXBuildFile; fileRef = 3BFD9BA8262171B000F587B4 /* CALayer+Border.swift */; };
		3BFD9BAB2621720E00F587B4 /* UInt+Color.swift in Sources */ = {isa = PBXBuildFile; fileRef = 3BFD9BAA2621720E00F587B4 /* UInt+Color.swift */; };
		B4EE68E105F154EA64B2183B /* Pods_Willing.framework in Frameworks */ = {isa = PBXBuildFile; fileRef = 812EF43E5C90B953102B5421 /* Pods_Willing.framework */; };
/* End PBXBuildFile section */

/* Begin PBXFileReference section */
		3B8F4D18260C929700B7DA1F /* Willing.app */ = {isa = PBXFileReference; explicitFileType = wrapper.application; includeInIndex = 0; path = Willing.app; sourceTree = BUILT_PRODUCTS_DIR; };
		3B8F4D1B260C929700B7DA1F /* AppDelegate.swift */ = {isa = PBXFileReference; lastKnownFileType = sourcecode.swift; path = AppDelegate.swift; sourceTree = "<group>"; };
		3B8F4D1D260C929700B7DA1F /* SceneDelegate.swift */ = {isa = PBXFileReference; lastKnownFileType = sourcecode.swift; path = SceneDelegate.swift; sourceTree = "<group>"; };
		3B8F4D24260C929A00B7DA1F /* Assets.xcassets */ = {isa = PBXFileReference; lastKnownFileType = folder.assetcatalog; path = Assets.xcassets; sourceTree = "<group>"; };
		3B8F4D27260C929A00B7DA1F /* Base */ = {isa = PBXFileReference; lastKnownFileType = file.storyboard; name = Base; path = Base.lproj/LaunchScreen.storyboard; sourceTree = "<group>"; };
		3B8F4D29260C929A00B7DA1F /* Info.plist */ = {isa = PBXFileReference; lastKnownFileType = text.plist.xml; path = Info.plist; sourceTree = "<group>"; };
		3BC725692611660C00559D6C /* LoginViewController.swift */ = {isa = PBXFileReference; lastKnownFileType = sourcecode.swift; path = LoginViewController.swift; sourceTree = "<group>"; };
		3BC7256A2611660C00559D6C /* LoginViewController.xib */ = {isa = PBXFileReference; lastKnownFileType = file.xib; path = LoginViewController.xib; sourceTree = "<group>"; };
		3BC7256E2611BB2900559D6C /* GoogleService-Info.plist */ = {isa = PBXFileReference; fileEncoding = 4; lastKnownFileType = text.plist.xml; name = "GoogleService-Info.plist"; path = "../../../../Downloads/GoogleService-Info.plist"; sourceTree = "<group>"; };
		3BC7257026132BB900559D6C /* SignUpViewController.swift */ = {isa = PBXFileReference; lastKnownFileType = sourcecode.swift; path = SignUpViewController.swift; sourceTree = "<group>"; };
		3BC7257126132BB900559D6C /* SignUpViewController.xib */ = {isa = PBXFileReference; lastKnownFileType = file.xib; path = SignUpViewController.xib; sourceTree = "<group>"; };
		3BC725752616B65D00559D6C /* UserModel.swift */ = {isa = PBXFileReference; lastKnownFileType = sourcecode.swift; path = UserModel.swift; sourceTree = "<group>"; };
		3BC725772616B67900559D6C /* SignUpModel.swift */ = {isa = PBXFileReference; lastKnownFileType = sourcecode.swift; path = SignUpModel.swift; sourceTree = "<group>"; };
		3BC7257926199BAD00559D6C /* MainViewController.swift */ = {isa = PBXFileReference; lastKnownFileType = sourcecode.swift; path = MainViewController.swift; sourceTree = "<group>"; };
		3BC7257A26199BAD00559D6C /* MainViewController.xib */ = {isa = PBXFileReference; lastKnownFileType = file.xib; path = MainViewController.xib; sourceTree = "<group>"; };
		3BFD9B97261F017C00F587B4 /* RankingViewController.swift */ = {isa = PBXFileReference; lastKnownFileType = sourcecode.swift; path = RankingViewController.swift; sourceTree = "<group>"; };
		3BFD9B98261F017C00F587B4 /* RankingViewController.xib */ = {isa = PBXFileReference; lastKnownFileType = file.xib; path = RankingViewController.xib; sourceTree = "<group>"; };
		3BFD9B9B261F019800F587B4 /* FeedViewController.swift */ = {isa = PBXFileReference; lastKnownFileType = sourcecode.swift; path = FeedViewController.swift; sourceTree = "<group>"; };
		3BFD9B9C261F019800F587B4 /* FeedViewController.xib */ = {isa = PBXFileReference; lastKnownFileType = file.xib; path = FeedViewController.xib; sourceTree = "<group>"; };
		3BFD9B9F261F01C100F587B4 /* FriendsViewController.swift */ = {isa = PBXFileReference; lastKnownFileType = sourcecode.swift; path = FriendsViewController.swift; sourceTree = "<group>"; };
		3BFD9BA0261F01C100F587B4 /* FriendsViewController.xib */ = {isa = PBXFileReference; lastKnownFileType = file.xib; path = FriendsViewController.xib; sourceTree = "<group>"; };
		3BFD9BA3261F01E200F587B4 /* MyPageViewContoller.swift */ = {isa = PBXFileReference; lastKnownFileType = sourcecode.swift; path = MyPageViewContoller.swift; sourceTree = "<group>"; };
		3BFD9BA4261F01E200F587B4 /* MyPageViewContoller.xib */ = {isa = PBXFileReference; lastKnownFileType = file.xib; path = MyPageViewContoller.xib; sourceTree = "<group>"; };
		3BFD9BA8262171B000F587B4 /* CALayer+Border.swift */ = {isa = PBXFileReference; lastKnownFileType = sourcecode.swift; path = "CALayer+Border.swift"; sourceTree = "<group>"; };
		3BFD9BAA2621720E00F587B4 /* UInt+Color.swift */ = {isa = PBXFileReference; lastKnownFileType = sourcecode.swift; path = "UInt+Color.swift"; sourceTree = "<group>"; };
		707DCD4EEE9C38929E2B11D4 /* Pods-Willing.debug.xcconfig */ = {isa = PBXFileReference; includeInIndex = 1; lastKnownFileType = text.xcconfig; name = "Pods-Willing.debug.xcconfig"; path = "Target Support Files/Pods-Willing/Pods-Willing.debug.xcconfig"; sourceTree = "<group>"; };
		7B715E14AFF67DD482DDAE6E /* Pods-Willing.release.xcconfig */ = {isa = PBXFileReference; includeInIndex = 1; lastKnownFileType = text.xcconfig; name = "Pods-Willing.release.xcconfig"; path = "Target Support Files/Pods-Willing/Pods-Willing.release.xcconfig"; sourceTree = "<group>"; };
		812EF43E5C90B953102B5421 /* Pods_Willing.framework */ = {isa = PBXFileReference; explicitFileType = wrapper.framework; includeInIndex = 0; path = Pods_Willing.framework; sourceTree = BUILT_PRODUCTS_DIR; };
/* End PBXFileReference section */

/* Begin PBXFrameworksBuildPhase section */
		3B8F4D15260C929700B7DA1F /* Frameworks */ = {
			isa = PBXFrameworksBuildPhase;
			buildActionMask = 2147483647;
			files = (
				B4EE68E105F154EA64B2183B /* Pods_Willing.framework in Frameworks */,
			);
			runOnlyForDeploymentPostprocessing = 0;
		};
/* End PBXFrameworksBuildPhase section */

/* Begin PBXGroup section */
		23E9CC997D9E3A7046787204 /* Pods */ = {
			isa = PBXGroup;
			children = (
				707DCD4EEE9C38929E2B11D4 /* Pods-Willing.debug.xcconfig */,
				7B715E14AFF67DD482DDAE6E /* Pods-Willing.release.xcconfig */,
			);
			path = Pods;
			sourceTree = "<group>";
		};
		3B8F4D0F260C929700B7DA1F = {
			isa = PBXGroup;
			children = (
				3B8F4D1A260C929700B7DA1F /* Willing */,
				3B8F4D19260C929700B7DA1F /* Products */,
				23E9CC997D9E3A7046787204 /* Pods */,
				D42F7E0D9A60F26FD7321AA5 /* Frameworks */,
			);
			sourceTree = "<group>";
		};
		3B8F4D19260C929700B7DA1F /* Products */ = {
			isa = PBXGroup;
			children = (
				3B8F4D18260C929700B7DA1F /* Willing.app */,
			);
			name = Products;
			sourceTree = "<group>";
		};
		3B8F4D1A260C929700B7DA1F /* Willing */ = {
			isa = PBXGroup;
			children = (
				3BFD9BAC2625647000F587B4 /* PreService */,
				3BFD9BAF262564C400F587B4 /* MainService */,
				3BFD9BA72621717F00F587B4 /* extension */,
				3B8F4D1B260C929700B7DA1F /* AppDelegate.swift */,
				3B8F4D1D260C929700B7DA1F /* SceneDelegate.swift */,
				3B8F4D24260C929A00B7DA1F /* Assets.xcassets */,
				3B8F4D26260C929A00B7DA1F /* LaunchScreen.storyboard */,
				3B8F4D29260C929A00B7DA1F /* Info.plist */,
				3BC7256E2611BB2900559D6C /* GoogleService-Info.plist */,
			);
			path = Willing;
			sourceTree = "<group>";
		};
		3BC7256D2611661200559D6C /* ViewControllers */ = {
			isa = PBXGroup;
			children = (
				3BC7257926199BAD00559D6C /* MainViewController.swift */,
				3BC7257A26199BAD00559D6C /* MainViewController.xib */,
				3BFD9B97261F017C00F587B4 /* RankingViewController.swift */,
				3BFD9B98261F017C00F587B4 /* RankingViewController.xib */,
				3BFD9B9B261F019800F587B4 /* FeedViewController.swift */,
				3BFD9B9C261F019800F587B4 /* FeedViewController.xib */,
				3BFD9B9F261F01C100F587B4 /* FriendsViewController.swift */,
				3BFD9BA0261F01C100F587B4 /* FriendsViewController.xib */,
				3BFD9BA3261F01E200F587B4 /* MyPageViewContoller.swift */,
				3BFD9BA4261F01E200F587B4 /* MyPageViewContoller.xib */,
			);
			path = ViewControllers;
			sourceTree = "<group>";
		};
		3BC725742616B63500559D6C /* Model */ = {
			isa = PBXGroup;
			children = (
				3BC725752616B65D00559D6C /* UserModel.swift */,
			);
			path = Model;
			sourceTree = "<group>";
		};
		3BFD9BA72621717F00F587B4 /* extension */ = {
			isa = PBXGroup;
			children = (
				3BFD9BA8262171B000F587B4 /* CALayer+Border.swift */,
				3BFD9BAA2621720E00F587B4 /* UInt+Color.swift */,
			);
			path = extension;
			sourceTree = "<group>";
		};
		3BFD9BAC2625647000F587B4 /* PreService */ = {
			isa = PBXGroup;
			children = (
				3BFD9BAE262564B600F587B4 /* Model */,
				3BFD9BAD2625649C00F587B4 /* ViewControllers */,
			);
			path = PreService;
			sourceTree = "<group>";
		};
		3BFD9BAD2625649C00F587B4 /* ViewControllers */ = {
			isa = PBXGroup;
			children = (
				3BC725692611660C00559D6C /* LoginViewController.swift */,
				3BC7256A2611660C00559D6C /* LoginViewController.xib */,
				3BC7257026132BB900559D6C /* SignUpViewController.swift */,
				3BC7257126132BB900559D6C /* SignUpViewController.xib */,
			);
			path = ViewControllers;
			sourceTree = "<group>";
		};
		3BFD9BAE262564B600F587B4 /* Model */ = {
			isa = PBXGroup;
			children = (
				3BC725772616B67900559D6C /* SignUpModel.swift */,
			);
			path = Model;
			sourceTree = "<group>";
		};
		3BFD9BAF262564C400F587B4 /* MainService */ = {
			isa = PBXGroup;
			children = (
				3BC725742616B63500559D6C /* Model */,
				3BC7256D2611661200559D6C /* ViewControllers */,
			);
			path = MainService;
			sourceTree = "<group>";
		};
		D42F7E0D9A60F26FD7321AA5 /* Frameworks */ = {
			isa = PBXGroup;
			children = (
				812EF43E5C90B953102B5421 /* Pods_Willing.framework */,
			);
			name = Frameworks;
			sourceTree = "<group>";
		};
/* End PBXGroup section */

/* Begin PBXNativeTarget section */
		3B8F4D17260C929700B7DA1F /* Willing */ = {
			isa = PBXNativeTarget;
			buildConfigurationList = 3B8F4D2C260C929A00B7DA1F /* Build configuration list for PBXNativeTarget "Willing" */;
			buildPhases = (
				A0727E2B20BC3E83CA439001 /* [CP] Check Pods Manifest.lock */,
				3B8F4D14260C929700B7DA1F /* Sources */,
				3B8F4D15260C929700B7DA1F /* Frameworks */,
				3B8F4D16260C929700B7DA1F /* Resources */,
				5828D6B4A903399C97DDBE6C /* [CP] Embed Pods Frameworks */,
			);
			buildRules = (
			);
			dependencies = (
			);
			name = Willing;
			productName = Willing;
			productReference = 3B8F4D18260C929700B7DA1F /* Willing.app */;
			productType = "com.apple.product-type.application";
		};
/* End PBXNativeTarget section */

/* Begin PBXProject section */
		3B8F4D10260C929700B7DA1F /* Project object */ = {
			isa = PBXProject;
			attributes = {
				LastSwiftUpdateCheck = 1160;
				LastUpgradeCheck = 1160;
				ORGANIZATIONNAME = "Kim SuJin";
				TargetAttributes = {
					3B8F4D17260C929700B7DA1F = {
						CreatedOnToolsVersion = 11.6;
					};
				};
			};
			buildConfigurationList = 3B8F4D13260C929700B7DA1F /* Build configuration list for PBXProject "Willing" */;
			compatibilityVersion = "Xcode 9.3";
			developmentRegion = en;
			hasScannedForEncodings = 0;
			knownRegions = (
				en,
				Base,
			);
			mainGroup = 3B8F4D0F260C929700B7DA1F;
			productRefGroup = 3B8F4D19260C929700B7DA1F /* Products */;
			projectDirPath = "";
			projectRoot = "";
			targets = (
				3B8F4D17260C929700B7DA1F /* Willing */,
			);
		};
/* End PBXProject section */

/* Begin PBXResourcesBuildPhase section */
		3B8F4D16260C929700B7DA1F /* Resources */ = {
			isa = PBXResourcesBuildPhase;
			buildActionMask = 2147483647;
			files = (
				3BC7257326132BB900559D6C /* SignUpViewController.xib in Resources */,
				3BC7257C26199BAD00559D6C /* MainViewController.xib in Resources */,
				3BC7256C2611660C00559D6C /* LoginViewController.xib in Resources */,
				3BFD9B9A261F017C00F587B4 /* RankingViewController.xib in Resources */,
				3BFD9B9E261F019800F587B4 /* FeedViewController.xib in Resources */,
				3BFD9BA2261F01C100F587B4 /* FriendsViewController.xib in Resources */,
				3BFD9BA6261F01E200F587B4 /* MyPageViewContoller.xib in Resources */,
				3BC7256F2611BB2900559D6C /* GoogleService-Info.plist in Resources */,
				3B8F4D28260C929A00B7DA1F /* LaunchScreen.storyboard in Resources */,
				3B8F4D25260C929A00B7DA1F /* Assets.xcassets in Resources */,
			);
			runOnlyForDeploymentPostprocessing = 0;
		};
/* End PBXResourcesBuildPhase section */

/* Begin PBXShellScriptBuildPhase section */
		5828D6B4A903399C97DDBE6C /* [CP] Embed Pods Frameworks */ = {
			isa = PBXShellScriptBuildPhase;
			buildActionMask = 2147483647;
			files = (
			);
			inputFileListPaths = (
				"${PODS_ROOT}/Target Support Files/Pods-Willing/Pods-Willing-frameworks-${CONFIGURATION}-input-files.xcfilelist",
			);
			name = "[CP] Embed Pods Frameworks";
			outputFileListPaths = (
				"${PODS_ROOT}/Target Support Files/Pods-Willing/Pods-Willing-frameworks-${CONFIGURATION}-output-files.xcfilelist",
			);
			runOnlyForDeploymentPostprocessing = 0;
			shellPath = /bin/sh;
			shellScript = "\"${PODS_ROOT}/Target Support Files/Pods-Willing/Pods-Willing-frameworks.sh\"\n";
			showEnvVarsInLog = 0;
		};
		A0727E2B20BC3E83CA439001 /* [CP] Check Pods Manifest.lock */ = {
			isa = PBXShellScriptBuildPhase;
			buildActionMask = 2147483647;
			files = (
			);
			inputFileListPaths = (
			);
			inputPaths = (
				"${PODS_PODFILE_DIR_PATH}/Podfile.lock",
				"${PODS_ROOT}/Manifest.lock",
			);
			name = "[CP] Check Pods Manifest.lock";
			outputFileListPaths = (
			);
			outputPaths = (
				"$(DERIVED_FILE_DIR)/Pods-Willing-checkManifestLockResult.txt",
			);
			runOnlyForDeploymentPostprocessing = 0;
			shellPath = /bin/sh;
			shellScript = "diff \"${PODS_PODFILE_DIR_PATH}/Podfile.lock\" \"${PODS_ROOT}/Manifest.lock\" > /dev/null\nif [ $? != 0 ] ; then\n    # print error to STDERR\n    echo \"error: The sandbox is not in sync with the Podfile.lock. Run 'pod install' or update your CocoaPods installation.\" >&2\n    exit 1\nfi\n# This output is used by Xcode 'outputs' to avoid re-running this script phase.\necho \"SUCCESS\" > \"${SCRIPT_OUTPUT_FILE_0}\"\n";
			showEnvVarsInLog = 0;
		};
/* End PBXShellScriptBuildPhase section */

/* Begin PBXSourcesBuildPhase section */
		3B8F4D14260C929700B7DA1F /* Sources */ = {
			isa = PBXSourcesBuildPhase;
			buildActionMask = 2147483647;
			files = (
				3BC7257B26199BAD00559D6C /* MainViewController.swift in Sources */,
				3BFD9BA9262171B000F587B4 /* CALayer+Border.swift in Sources */,
				3BFD9B9D261F019800F587B4 /* FeedViewController.swift in Sources */,
				3BC7256B2611660C00559D6C /* LoginViewController.swift in Sources */,
				3B8F4D1C260C929700B7DA1F /* AppDelegate.swift in Sources */,
				3BC7257226132BB900559D6C /* SignUpViewController.swift in Sources */,
				3BFD9BA1261F01C100F587B4 /* FriendsViewController.swift in Sources */,
				3BC725782616B67900559D6C /* SignUpModel.swift in Sources */,
				3BFD9BA5261F01E200F587B4 /* MyPageViewContoller.swift in Sources */,
				3BC725762616B65D00559D6C /* UserModel.swift in Sources */,
				3BFD9BAB2621720E00F587B4 /* UInt+Color.swift in Sources */,
				3B8F4D1E260C929700B7DA1F /* SceneDelegate.swift in Sources */,
				3BFD9B99261F017C00F587B4 /* RankingViewController.swift in Sources */,
			);
			runOnlyForDeploymentPostprocessing = 0;
		};
/* End PBXSourcesBuildPhase section */

/* Begin PBXVariantGroup section */
		3B8F4D26260C929A00B7DA1F /* LaunchScreen.storyboard */ = {
			isa = PBXVariantGroup;
			children = (
				3B8F4D27260C929A00B7DA1F /* Base */,
			);
			name = LaunchScreen.storyboard;
			sourceTree = "<group>";
		};
/* End PBXVariantGroup section */

/* Begin XCBuildConfiguration section */
		3B8F4D2A260C929A00B7DA1F /* Debug */ = {
			isa = XCBuildConfiguration;
			buildSettings = {
				ALWAYS_SEARCH_USER_PATHS = NO;
				CLANG_ANALYZER_NONNULL = YES;
				CLANG_ANALYZER_NUMBER_OBJECT_CONVERSION = YES_AGGRESSIVE;
				CLANG_CXX_LANGUAGE_STANDARD = "gnu++14";
				CLANG_CXX_LIBRARY = "libc++";
				CLANG_ENABLE_MODULES = YES;
				CLANG_ENABLE_OBJC_ARC = YES;
				CLANG_ENABLE_OBJC_WEAK = YES;
				CLANG_WARN_BLOCK_CAPTURE_AUTORELEASING = YES;
				CLANG_WARN_BOOL_CONVERSION = YES;
				CLANG_WARN_COMMA = YES;
				CLANG_WARN_CONSTANT_CONVERSION = YES;
				CLANG_WARN_DEPRECATED_OBJC_IMPLEMENTATIONS = YES;
				CLANG_WARN_DIRECT_OBJC_ISA_USAGE = YES_ERROR;
				CLANG_WARN_DOCUMENTATION_COMMENTS = YES;
				CLANG_WARN_EMPTY_BODY = YES;
				CLANG_WARN_ENUM_CONVERSION = YES;
				CLANG_WARN_INFINITE_RECURSION = YES;
				CLANG_WARN_INT_CONVERSION = YES;
				CLANG_WARN_NON_LITERAL_NULL_CONVERSION = YES;
				CLANG_WARN_OBJC_IMPLICIT_RETAIN_SELF = YES;
				CLANG_WARN_OBJC_LITERAL_CONVERSION = YES;
				CLANG_WARN_OBJC_ROOT_CLASS = YES_ERROR;
				CLANG_WARN_RANGE_LOOP_ANALYSIS = YES;
				CLANG_WARN_STRICT_PROTOTYPES = YES;
				CLANG_WARN_SUSPICIOUS_MOVE = YES;
				CLANG_WARN_UNGUARDED_AVAILABILITY = YES_AGGRESSIVE;
				CLANG_WARN_UNREACHABLE_CODE = YES;
				CLANG_WARN__DUPLICATE_METHOD_MATCH = YES;
				COPY_PHASE_STRIP = NO;
				DEBUG_INFORMATION_FORMAT = dwarf;
				ENABLE_STRICT_OBJC_MSGSEND = YES;
				ENABLE_TESTABILITY = YES;
				GCC_C_LANGUAGE_STANDARD = gnu11;
				GCC_DYNAMIC_NO_PIC = NO;
				GCC_NO_COMMON_BLOCKS = YES;
				GCC_OPTIMIZATION_LEVEL = 0;
				GCC_PREPROCESSOR_DEFINITIONS = (
					"DEBUG=1",
					"$(inherited)",
				);
				GCC_WARN_64_TO_32_BIT_CONVERSION = YES;
				GCC_WARN_ABOUT_RETURN_TYPE = YES_ERROR;
				GCC_WARN_UNDECLARED_SELECTOR = YES;
				GCC_WARN_UNINITIALIZED_AUTOS = YES_AGGRESSIVE;
				GCC_WARN_UNUSED_FUNCTION = YES;
				GCC_WARN_UNUSED_VARIABLE = YES;
				IPHONEOS_DEPLOYMENT_TARGET = 13.6;
				MTL_ENABLE_DEBUG_INFO = INCLUDE_SOURCE;
				MTL_FAST_MATH = YES;
				ONLY_ACTIVE_ARCH = YES;
				SDKROOT = iphoneos;
				SWIFT_ACTIVE_COMPILATION_CONDITIONS = DEBUG;
				SWIFT_OPTIMIZATION_LEVEL = "-Onone";
			};
			name = Debug;
		};
		3B8F4D2B260C929A00B7DA1F /* Release */ = {
			isa = XCBuildConfiguration;
			buildSettings = {
				ALWAYS_SEARCH_USER_PATHS = NO;
				CLANG_ANALYZER_NONNULL = YES;
				CLANG_ANALYZER_NUMBER_OBJECT_CONVERSION = YES_AGGRESSIVE;
				CLANG_CXX_LANGUAGE_STANDARD = "gnu++14";
				CLANG_CXX_LIBRARY = "libc++";
				CLANG_ENABLE_MODULES = YES;
				CLANG_ENABLE_OBJC_ARC = YES;
				CLANG_ENABLE_OBJC_WEAK = YES;
				CLANG_WARN_BLOCK_CAPTURE_AUTORELEASING = YES;
				CLANG_WARN_BOOL_CONVERSION = YES;
				CLANG_WARN_COMMA = YES;
				CLANG_WARN_CONSTANT_CONVERSION = YES;
				CLANG_WARN_DEPRECATED_OBJC_IMPLEMENTATIONS = YES;
				CLANG_WARN_DIRECT_OBJC_ISA_USAGE = YES_ERROR;
				CLANG_WARN_DOCUMENTATION_COMMENTS = YES;
				CLANG_WARN_EMPTY_BODY = YES;
				CLANG_WARN_ENUM_CONVERSION = YES;
				CLANG_WARN_INFINITE_RECURSION = YES;
				CLANG_WARN_INT_CONVERSION = YES;
				CLANG_WARN_NON_LITERAL_NULL_CONVERSION = YES;
				CLANG_WARN_OBJC_IMPLICIT_RETAIN_SELF = YES;
				CLANG_WARN_OBJC_LITERAL_CONVERSION = YES;
				CLANG_WARN_OBJC_ROOT_CLASS = YES_ERROR;
				CLANG_WARN_RANGE_LOOP_ANALYSIS = YES;
				CLANG_WARN_STRICT_PROTOTYPES = YES;
				CLANG_WARN_SUSPICIOUS_MOVE = YES;
				CLANG_WARN_UNGUARDED_AVAILABILITY = YES_AGGRESSIVE;
				CLANG_WARN_UNREACHABLE_CODE = YES;
				CLANG_WARN__DUPLICATE_METHOD_MATCH = YES;
				COPY_PHASE_STRIP = NO;
				DEBUG_INFORMATION_FORMAT = "dwarf-with-dsym";
				ENABLE_NS_ASSERTIONS = NO;
				ENABLE_STRICT_OBJC_MSGSEND = YES;
				GCC_C_LANGUAGE_STANDARD = gnu11;
				GCC_NO_COMMON_BLOCKS = YES;
				GCC_WARN_64_TO_32_BIT_CONVERSION = YES;
				GCC_WARN_ABOUT_RETURN_TYPE = YES_ERROR;
				GCC_WARN_UNDECLARED_SELECTOR = YES;
				GCC_WARN_UNINITIALIZED_AUTOS = YES_AGGRESSIVE;
				GCC_WARN_UNUSED_FUNCTION = YES;
				GCC_WARN_UNUSED_VARIABLE = YES;
				IPHONEOS_DEPLOYMENT_TARGET = 13.6;
				MTL_ENABLE_DEBUG_INFO = NO;
				MTL_FAST_MATH = YES;
				SDKROOT = iphoneos;
				SWIFT_COMPILATION_MODE = wholemodule;
				SWIFT_OPTIMIZATION_LEVEL = "-O";
				VALIDATE_PRODUCT = YES;
			};
			name = Release;
		};
		3B8F4D2D260C929A00B7DA1F /* Debug */ = {
			isa = XCBuildConfiguration;
			baseConfigurationReference = 707DCD4EEE9C38929E2B11D4 /* Pods-Willing.debug.xcconfig */;
			buildSettings = {
				ASSETCATALOG_COMPILER_APPICON_NAME = AppIcon;
				CODE_SIGN_STYLE = Automatic;
				INFOPLIST_FILE = Willing/Info.plist;
				LD_RUNPATH_SEARCH_PATHS = (
					"$(inherited)",
					"@executable_path/Frameworks",
				);
				PRODUCT_BUNDLE_IDENTIFIER = com.KimSJ.Willing;
				PRODUCT_NAME = "$(TARGET_NAME)";
				SWIFT_VERSION = 5.0;
				TARGETED_DEVICE_FAMILY = 1;
			};
			name = Debug;
		};
		3B8F4D2E260C929A00B7DA1F /* Release */ = {
			isa = XCBuildConfiguration;
			baseConfigurationReference = 7B715E14AFF67DD482DDAE6E /* Pods-Willing.release.xcconfig */;
			buildSettings = {
				ASSETCATALOG_COMPILER_APPICON_NAME = AppIcon;
				CODE_SIGN_STYLE = Automatic;
				INFOPLIST_FILE = Willing/Info.plist;
				LD_RUNPATH_SEARCH_PATHS = (
					"$(inherited)",
					"@executable_path/Frameworks",
				);
				PRODUCT_BUNDLE_IDENTIFIER = com.KimSJ.Willing;
				PRODUCT_NAME = "$(TARGET_NAME)";
				SWIFT_VERSION = 5.0;
				TARGETED_DEVICE_FAMILY = 1;
			};
			name = Release;
		};
/* End XCBuildConfiguration section */

/* Begin XCConfigurationList section */
		3B8F4D13260C929700B7DA1F /* Build configuration list for PBXProject "Willing" */ = {
			isa = XCConfigurationList;
			buildConfigurations = (
				3B8F4D2A260C929A00B7DA1F /* Debug */,
				3B8F4D2B260C929A00B7DA1F /* Release */,
			);
			defaultConfigurationIsVisible = 0;
			defaultConfigurationName = Release;
		};
		3B8F4D2C260C929A00B7DA1F /* Build configuration list for PBXNativeTarget "Willing" */ = {
			isa = XCConfigurationList;
			buildConfigurations = (
				3B8F4D2D260C929A00B7DA1F /* Debug */,
				3B8F4D2E260C929A00B7DA1F /* Release */,
			);
			defaultConfigurationIsVisible = 0;
			defaultConfigurationName = Release;
		};
/* End XCConfigurationList section */
	};
	rootObject = 3B8F4D10260C929700B7DA1F /* Project object */;
}
